
Microsoft Visual Studio Solution File, Format Version 12.00
# Visual Studio Version 17
VisualStudioVersion = 17.11.34929.205
MinimumVisualStudioVersion = 10.0.40219.1
Project("{2150E333-8FDC-42A3-9474-1A3956D46DE8}") = "Solution Items", "Solution Items", "{0C2A0F0A-4EB1-4025-B357-62C86136ECFB}"
	ProjectSection(SolutionItems) = preProject
		.editorconfig = .editorconfig
		Directory.Build.props = Directory.Build.props
		LICENSE = LICENSE
		README.md = README.md
	EndProjectSection
EndProject
Project("{9A19103F-16F7-4668-BE54-9A1E7A4F7556}") = "StrongTypeIdGenerator", "StrongTypeIdGenerator\StrongTypeIdGenerator.csproj", "{F8986E9E-3E63-4CE8-B214-327FB918F6DA}"
EndProject
Project("{9A19103F-16F7-4668-BE54-9A1E7A4F7556}") = "StrongTypeIdGenerator.Tests", "StrongTypeIdGenerator.Tests\StrongTypeIdGenerator.Tests.csproj", "{F44CA131-E9DC-4B7F-A775-94F9041B69FC}"
EndProject
Project("{9A19103F-16F7-4668-BE54-9A1E7A4F7556}") = "StrongTypeIdGenerator.Abstractions", "StrongTypeIdGenerator.Abstractions\StrongTypeIdGenerator.Abstractions.csproj", "{D6F45F02-A86A-4336-8CA1-273C0163CA55}"
EndProject
Project("{9A19103F-16F7-4668-BE54-9A1E7A4F7556}") = "StrongTypeIdGenerator.Json", "StrongTypeIdGenerator.Json\StrongTypeIdGenerator.Json.csproj", "{C05022B2-BE8F-45E1-8783-D738E1995E1D}"
EndProject
Project("{FAE04EC0-301F-11D3-BF4B-00C04F79EFBC}") = "StrongTypeIdGenerator.MetaPackage", "StrongTypeIdGenerator.MetaPackage\StrongTypeIdGenerator.MetaPackage.csproj", "{371E81D4-0FB7-4479-A381-C58F3ACD9C91}"
EndProject
Global
	GlobalSection(SolutionConfigurationPlatforms) = preSolution
		Debug|Any CPU = Debug|Any CPU
		Release|Any CPU = Release|Any CPU
	EndGlobalSection
	GlobalSection(ProjectConfigurationPlatforms) = postSolution
		{F8986E9E-3E63-4CE8-B214-327FB918F6DA}.Debug|Any CPU.ActiveCfg = Debug|Any CPU
		{F8986E9E-3E63-4CE8-B214-327FB918F6DA}.Debug|Any CPU.Build.0 = Debug|Any CPU
		{F8986E9E-3E63-4CE8-B214-327FB918F6DA}.Release|Any CPU.ActiveCfg = Release|Any CPU
		{F8986E9E-3E63-4CE8-B214-327FB918F6DA}.Release|Any CPU.Build.0 = Release|Any CPU
		{F44CA131-E9DC-4B7F-A775-94F9041B69FC}.Debug|Any CPU.ActiveCfg = Debug|Any CPU
		{F44CA131-E9DC-4B7F-A775-94F9041B69FC}.Debug|Any CPU.Build.0 = Debug|Any CPU
		{F44CA131-E9DC-4B7F-A775-94F9041B69FC}.Release|Any CPU.ActiveCfg = Release|Any CPU
		{F44CA131-E9DC-4B7F-A775-94F9041B69FC}.Release|Any CPU.Build.0 = Release|Any CPU
		{D6F45F02-A86A-4336-8CA1-273C0163CA55}.Debug|Any CPU.ActiveCfg = Debug|Any CPU
		{D6F45F02-A86A-4336-8CA1-273C0163CA55}.Debug|Any CPU.Build.0 = Debug|Any CPU
		{D6F45F02-A86A-4336-8CA1-273C0163CA55}.Release|Any CPU.ActiveCfg = Release|Any CPU
		{D6F45F02-A86A-4336-8CA1-273C0163CA55}.Release|Any CPU.Build.0 = Release|Any CPU
		{C05022B2-BE8F-45E1-8783-D738E1995E1D}.Debug|Any CPU.ActiveCfg = Debug|Any CPU
		{C05022B2-BE8F-45E1-8783-D738E1995E1D}.Debug|Any CPU.Build.0 = Debug|Any CPU
		{C05022B2-BE8F-45E1-8783-D738E1995E1D}.Release|Any CPU.ActiveCfg = Release|Any CPU
		{C05022B2-BE8F-45E1-8783-D738E1995E1D}.Release|Any CPU.Build.0 = Release|Any CPU
		{371E81D4-0FB7-4479-A381-C58F3ACD9C91}.Debug|Any CPU.ActiveCfg = Debug|Any CPU
		{371E81D4-0FB7-4479-A381-C58F3ACD9C91}.Debug|Any CPU.Build.0 = Debug|Any CPU
		{371E81D4-0FB7-4479-A381-C58F3ACD9C91}.Release|Any CPU.ActiveCfg = Release|Any CPU
		{371E81D4-0FB7-4479-A381-C58F3ACD9C91}.Release|Any CPU.Build.0 = Release|Any CPU
	EndGlobalSection
	GlobalSection(SolutionProperties) = preSolution
		HideSolutionNode = FALSE
	EndGlobalSection
	GlobalSection(ExtensibilityGlobals) = postSolution
		SolutionGuid = {8A1DBD56-6EB3-485A-8632-B6A8E154B068}
	EndGlobalSection
EndGlobal
